// !$*UTF8*$!
{
	archiveVersion = 1;
	classes = {
	};
	objectVersion = 55;
	objects = {

/* Begin PBXBuildFile section */
		C81786ED27A8E1800072909D /* ClosedIssueViewController.swift in Sources */ = {isa = PBXBuildFile; fileRef = C84ABB1C27A7755B00C1013A /* ClosedIssueViewController.swift */; };
		C84ABAFF27A74F1E00C1013A /* AppDelegate.swift in Sources */ = {isa = PBXBuildFile; fileRef = C84ABAFE27A74F1E00C1013A /* AppDelegate.swift */; };
		C84ABB0127A74F1E00C1013A /* SceneDelegate.swift in Sources */ = {isa = PBXBuildFile; fileRef = C84ABB0027A74F1E00C1013A /* SceneDelegate.swift */; };
		C84ABB0827A74F2000C1013A /* Assets.xcassets in Resources */ = {isa = PBXBuildFile; fileRef = C84ABB0727A74F2000C1013A /* Assets.xcassets */; };
		C84ABB0B27A74F2000C1013A /* LaunchScreen.storyboard in Resources */ = {isa = PBXBuildFile; fileRef = C84ABB0927A74F2000C1013A /* LaunchScreen.storyboard */; };
		C84ABB1927A75CFA00C1013A /* IssueDetailViewController.swift in Sources */ = {isa = PBXBuildFile; fileRef = C84ABB1827A75CFA00C1013A /* IssueDetailViewController.swift */; };
		C84ABB1B27A7754400C1013A /* OpenIssueTableViewController.swift in Sources */ = {isa = PBXBuildFile; fileRef = C84ABB1A27A7754400C1013A /* OpenIssueTableViewController.swift */; };
		C84ABB1F27A7778300C1013A /* IssueTableViewCell.swift in Sources */ = {isa = PBXBuildFile; fileRef = C84ABB1E27A7778300C1013A /* IssueTableViewCell.swift */; };
		C84ABB2027A7860800C1013A /* Main.storyboard in Resources */ = {isa = PBXBuildFile; fileRef = C84ABB0427A74F1E00C1013A /* Main.storyboard */; };
		C84ABB2227A7A17600C1013A /* GitHubClient.swift in Sources */ = {isa = PBXBuildFile; fileRef = C84ABB2127A7A17600C1013A /* GitHubClient.swift */; };
/* End PBXBuildFile section */

/* Begin PBXFileReference section */
		C84ABAFB27A74F1E00C1013A /* Assignment 3.app */ = {isa = PBXFileReference; explicitFileType = wrapper.application; includeInIndex = 0; path = "Assignment 3.app"; sourceTree = BUILT_PRODUCTS_DIR; };
		C84ABAFE27A74F1E00C1013A /* AppDelegate.swift */ = {isa = PBXFileReference; lastKnownFileType = sourcecode.swift; path = AppDelegate.swift; sourceTree = "<group>"; };
		C84ABB0027A74F1E00C1013A /* SceneDelegate.swift */ = {isa = PBXFileReference; lastKnownFileType = sourcecode.swift; path = SceneDelegate.swift; sourceTree = "<group>"; };
		C84ABB0527A74F1E00C1013A /* Base */ = {isa = PBXFileReference; lastKnownFileType = file.storyboard; name = Base; path = Base.lproj/Main.storyboard; sourceTree = "<group>"; };
		C84ABB0727A74F2000C1013A /* Assets.xcassets */ = {isa = PBXFileReference; lastKnownFileType = folder.assetcatalog; path = Assets.xcassets; sourceTree = "<group>"; };
		C84ABB0A27A74F2000C1013A /* Base */ = {isa = PBXFileReference; lastKnownFileType = file.storyboard; name = Base; path = Base.lproj/LaunchScreen.storyboard; sourceTree = "<group>"; };
		C84ABB0C27A74F2000C1013A /* Info.plist */ = {isa = PBXFileReference; lastKnownFileType = text.plist.xml; path = Info.plist; sourceTree = "<group>"; };
		C84ABB1827A75CFA00C1013A /* IssueDetailViewController.swift */ = {isa = PBXFileReference; lastKnownFileType = sourcecode.swift; path = IssueDetailViewController.swift; sourceTree = "<group>"; };
		C84ABB1A27A7754400C1013A /* OpenIssueTableViewController.swift */ = {isa = PBXFileReference; lastKnownFileType = sourcecode.swift; path = OpenIssueTableViewController.swift; sourceTree = "<group>"; };
		C84ABB1C27A7755B00C1013A /* ClosedIssueViewController.swift */ = {isa = PBXFileReference; lastKnownFileType = sourcecode.swift; path = ClosedIssueViewController.swift; sourceTree = "<group>"; };
		C84ABB1E27A7778300C1013A /* IssueTableViewCell.swift */ = {isa = PBXFileReference; lastKnownFileType = sourcecode.swift; path = IssueTableViewCell.swift; sourceTree = "<group>"; };
		C84ABB2127A7A17600C1013A /* GitHubClient.swift */ = {isa = PBXFileReference; lastKnownFileType = sourcecode.swift; path = GitHubClient.swift; sourceTree = "<group>"; };
/* End PBXFileReference section */

/* Begin PBXFrameworksBuildPhase section */
		C84ABAF827A74F1E00C1013A /* Frameworks */ = {
			isa = PBXFrameworksBuildPhase;
			buildActionMask = 2147483647;
			files = (
			);
			runOnlyForDeploymentPostprocessing = 0;
		};
/* End PBXFrameworksBuildPhase section */

/* Begin PBXGroup section */
		C84ABAF227A74F1E00C1013A = {
			isa = PBXGroup;
			children = (
				C84ABAFD27A74F1E00C1013A /* Assignment 3 */,
				C84ABAFC27A74F1E00C1013A /* Products */,
			);
			sourceTree = "<group>";
		};
		C84ABAFC27A74F1E00C1013A /* Products */ = {
			isa = PBXGroup;
			children = (
				C84ABAFB27A74F1E00C1013A /* Assignment 3.app */,
			);
			name = Products;
			sourceTree = "<group>";
		};
		C84ABAFD27A74F1E00C1013A /* Assignment 3 */ = {
			isa = PBXGroup;
			children = (
				C84ABAFE27A74F1E00C1013A /* AppDelegate.swift */,
				C84ABB0027A74F1E00C1013A /* SceneDelegate.swift */,
				C84ABB0427A74F1E00C1013A /* Main.storyboard */,
				C84ABB2127A7A17600C1013A /* GitHubClient.swift */,
				C84ABB1E27A7778300C1013A /* IssueTableViewCell.swift */,
				C84ABB1A27A7754400C1013A /* OpenIssueTableViewController.swift */,
				C84ABB1C27A7755B00C1013A /* ClosedIssueViewController.swift */,
				C84ABB1827A75CFA00C1013A /* IssueDetailViewController.swift */,
				C84ABB0727A74F2000C1013A /* Assets.xcassets */,
				C84ABB0927A74F2000C1013A /* LaunchScreen.storyboard */,
				C84ABB0C27A74F2000C1013A /* Info.plist */,
			);
			path = "Assignment 3";
			sourceTree = "<group>";
		};
/* End PBXGroup section */

/* Begin PBXNativeTarget section */
		C84ABAFA27A74F1E00C1013A /* Assignment 3 */ = {
			isa = PBXNativeTarget;
			buildConfigurationList = C84ABB0F27A74F2000C1013A /* Build configuration list for PBXNativeTarget "Assignment 3" */;
			buildPhases = (
				C84ABAF727A74F1E00C1013A /* Sources */,
				C84ABAF827A74F1E00C1013A /* Frameworks */,
				C84ABAF927A74F1E00C1013A /* Resources */,
			);
			buildRules = (
			);
			dependencies = (
			);
			name = "Assignment 3";
			productName = "Assignment 3";
			productReference = C84ABAFB27A74F1E00C1013A /* Assignment 3.app */;
			productType = "com.apple.product-type.application";
		};
/* End PBXNativeTarget section */

/* Begin PBXProject section */
		C84ABAF327A74F1E00C1013A /* Project object */ = {
			isa = PBXProject;
			attributes = {
				BuildIndependentTargetsInParallel = 1;
				LastSwiftUpdateCheck = 1320;
				LastUpgradeCheck = 1320;
				TargetAttributes = {
					C84ABAFA27A74F1E00C1013A = {
						CreatedOnToolsVersion = 13.2.1;
					};
				};
			};
			buildConfigurationList = C84ABAF627A74F1E00C1013A /* Build configuration list for PBXProject "Assignment 3" */;
			compatibilityVersion = "Xcode 13.0";
			developmentRegion = en;
			hasScannedForEncodings = 0;
			knownRegions = (
				en,
				Base,
			);
			mainGroup = C84ABAF227A74F1E00C1013A;
			productRefGroup = C84ABAFC27A74F1E00C1013A /* Products */;
			projectDirPath = "";
			projectRoot = "";
			targets = (
				C84ABAFA27A74F1E00C1013A /* Assignment 3 */,
			);
		};
/* End PBXProject section */

/* Begin PBXResourcesBuildPhase section */
		C84ABAF927A74F1E00C1013A /* Resources */ = {
			isa = PBXResourcesBuildPhase;
			buildActionMask = 2147483647;
			files = (
				C84ABB2027A7860800C1013A /* Main.storyboard in Resources */,
				C84ABB0B27A74F2000C1013A /* LaunchScreen.storyboard in Resources */,
				C84ABB0827A74F2000C1013A /* Assets.xcassets in Resources */,
			);
			runOnlyForDeploymentPostprocessing = 0;
		};
/* End PBXResourcesBuildPhase section */

/* Begin PBXSourcesBuildPhase section */
		C84ABAF727A74F1E00C1013A /* Sources */ = {
			isa = PBXSourcesBuildPhase;
			buildActionMask = 2147483647;
			files = (
				C84ABAFF27A74F1E00C1013A /* AppDelegate.swift in Sources */,
				C84ABB1B27A7754400C1013A /* OpenIssueTableViewController.swift in Sources */,
				C84ABB0127A74F1E00C1013A /* SceneDelegate.swift in Sources */,
				C81786ED27A8E1800072909D /* ClosedIssueViewController.swift in Sources */,
				C84ABB1927A75CFA00C1013A /* IssueDetailViewController.swift in Sources */,
				C84ABB1F27A7778300C1013A /* IssueTableViewCell.swift in Sources */,
				C84ABB2227A7A17600C1013A /* GitHubClient.swift in Sources */,
			);
			runOnlyForDeploymentPostprocessing = 0;
		};
/* End PBXSourcesBuildPhase section */

/* Begin PBXVariantGroup section */
		C84ABB0427A74F1E00C1013A /* Main.storyboard */ = {
			isa = PBXVariantGroup;
			children = (
				C84ABB0527A74F1E00C1013A /* Base */,
			);
			name = Main.storyboard;
			sourceTree = "<group>";
		};
		C84ABB0927A74F2000C1013A /* LaunchScreen.storyboard */ = {
			isa = PBXVariantGroup;
			children = (
				C84ABB0A27A74F2000C1013A /* Base */,
			);
			name = LaunchScreen.storyboard;
			sourceTree = "<group>";
		};
/* End PBXVariantGroup section */

/* Begin XCBuildConfiguration section */
		C84ABB0D27A74F2000C1013A /* Debug */ = {
			isa = XCBuildConfiguration;
			buildSettings = {
				ALWAYS_SEARCH_USER_PATHS = NO;
				CLANG_ANALYZER_NONNULL = YES;
				CLANG_ANALYZER_NUMBER_OBJECT_CONVERSION = YES_AGGRESSIVE;
				CLANG_CXX_LANGUAGE_STANDARD = "gnu++17";
				CLANG_CXX_LIBRARY = "libc++";
				CLANG_ENABLE_MODULES = YES;
				CLANG_ENABLE_OBJC_ARC = YES;
				CLANG_ENABLE_OBJC_WEAK = YES;
				CLANG_WARN_BLOCK_CAPTURE_AUTORELEASING = YES;
				CLANG_WARN_BOOL_CONVERSION = YES;
				CLANG_WARN_COMMA = YES;
				CLANG_WARN_CONSTANT_CONVERSION = YES;
				CLANG_WARN_DEPRECATED_OBJC_IMPLEMENTATIONS = YES;
				CLANG_WARN_DIRECT_OBJC_ISA_USAGE = YES_ERROR;
				CLANG_WARN_DOCUMENTATION_COMMENTS = YES;
				CLANG_WARN_EMPTY_BODY = YES;
				CLANG_WARN_ENUM_CONVERSION = YES;
				CLANG_WARN_INFINITE_RECURSION = YES;
				CLANG_WARN_INT_CONVERSION = YES;
				CLANG_WARN_NON_LITERAL_NULL_CONVERSION = YES;
				CLANG_WARN_OBJC_IMPLICIT_RETAIN_SELF = YES;
				CLANG_WARN_OBJC_LITERAL_CONVERSION = YES;
				CLANG_WARN_OBJC_ROOT_CLASS = YES_ERROR;
				CLANG_WARN_QUOTED_INCLUDE_IN_FRAMEWORK_HEADER = YES;
				CLANG_WARN_RANGE_LOOP_ANALYSIS = YES;
				CLANG_WARN_STRICT_PROTOTYPES = YES;
				CLANG_WARN_SUSPICIOUS_MOVE = YES;
				CLANG_WARN_UNGUARDED_AVAILABILITY = YES_AGGRESSIVE;
				CLANG_WARN_UNREACHABLE_CODE = YES;
				CLANG_WARN__DUPLICATE_METHOD_MATCH = YES;
				COPY_PHASE_STRIP = NO;
				DEBUG_INFORMATION_FORMAT = dwarf;
				ENABLE_STRICT_OBJC_MSGSEND = YES;
				ENABLE_TESTABILITY = YES;
				GCC_C_LANGUAGE_STANDARD = gnu11;
				GCC_DYNAMIC_NO_PIC = NO;
				GCC_NO_COMMON_BLOCKS = YES;
				GCC_OPTIMIZATION_LEVEL = 0;
				GCC_PREPROCESSOR_DEFINITIONS = (
					"DEBUG=1",
					"$(inherited)",
				);
				GCC_WARN_64_TO_32_BIT_CONVERSION = YES;
				GCC_WARN_ABOUT_RETURN_TYPE = YES_ERROR;
				GCC_WARN_UNDECLARED_SELECTOR = YES;
				GCC_WARN_UNINITIALIZED_AUTOS = YES_AGGRESSIVE;
				GCC_WARN_UNUSED_FUNCTION = YES;
				GCC_WARN_UNUSED_VARIABLE = YES;
				IPHONEOS_DEPLOYMENT_TARGET = 15.2;
				MTL_ENABLE_DEBUG_INFO = INCLUDE_SOURCE;
				MTL_FAST_MATH = YES;
				ONLY_ACTIVE_ARCH = YES;
				SDKROOT = iphoneos;
				SWIFT_ACTIVE_COMPILATION_CONDITIONS = DEBUG;
				SWIFT_OPTIMIZATION_LEVEL = "-Onone";
			};
			name = Debug;
		};
		C84ABB0E27A74F2000C1013A /* Release */ = {
			isa = XCBuildConfiguration;
			buildSettings = {
				ALWAYS_SEARCH_USER_PATHS = NO;
				CLANG_ANALYZER_NONNULL = YES;
				CLANG_ANALYZER_NUMBER_OBJECT_CONVERSION = YES_AGGRESSIVE;
				CLANG_CXX_LANGUAGE_STANDARD = "gnu++17";
				CLANG_CXX_LIBRARY = "libc++";
				CLANG_ENABLE_MODULES = YES;
				CLANG_ENABLE_OBJC_ARC = YES;
				CLANG_ENABLE_OBJC_WEAK = YES;
				CLANG_WARN_BLOCK_CAPTURE_AUTORELEASING = YES;
				CLANG_WARN_BOOL_CONVERSION = YES;
				CLANG_WARN_COMMA = YES;
				CLANG_WARN_CONSTANT_CONVERSION = YES;
				CLANG_WARN_DEPRECATED_OBJC_IMPLEMENTATIONS = YES;
				CLANG_WARN_DIRECT_OBJC_ISA_USAGE = YES_ERROR;
				CLANG_WARN_DOCUMENTATION_COMMENTS = YES;
				CLANG_WARN_EMPTY_BODY = YES;
				CLANG_WARN_ENUM_CONVERSION = YES;
				CLANG_WARN_INFINITE_RECURSION = YES;
				CLANG_WARN_INT_CONVERSION = YES;
				CLANG_WARN_NON_LITERAL_NULL_CONVERSION = YES;
				CLANG_WARN_OBJC_IMPLICIT_RETAIN_SELF = YES;
				CLANG_WARN_OBJC_LITERAL_CONVERSION = YES;
				CLANG_WARN_OBJC_ROOT_CLASS = YES_ERROR;
				CLANG_WARN_QUOTED_INCLUDE_IN_FRAMEWORK_HEADER = YES;
				CLANG_WARN_RANGE_LOOP_ANALYSIS = YES;
				CLANG_WARN_STRICT_PROTOTYPES = YES;
				CLANG_WARN_SUSPICIOUS_MOVE = YES;
				CLANG_WARN_UNGUARDED_AVAILABILITY = YES_AGGRESSIVE;
				CLANG_WARN_UNREACHABLE_CODE = YES;
				CLANG_WARN__DUPLICATE_METHOD_MATCH = YES;
				COPY_PHASE_STRIP = NO;
				DEBUG_INFORMATION_FORMAT = "dwarf-with-dsym";
				ENABLE_NS_ASSERTIONS = NO;
				ENABLE_STRICT_OBJC_MSGSEND = YES;
				GCC_C_LANGUAGE_STANDARD = gnu11;
				GCC_NO_COMMON_BLOCKS = YES;
				GCC_WARN_64_TO_32_BIT_CONVERSION = YES;
				GCC_WARN_ABOUT_RETURN_TYPE = YES_ERROR;
				GCC_WARN_UNDECLARED_SELECTOR = YES;
				GCC_WARN_UNINITIALIZED_AUTOS = YES_AGGRESSIVE;
				GCC_WARN_UNUSED_FUNCTION = YES;
				GCC_WARN_UNUSED_VARIABLE = YES;
				IPHONEOS_DEPLOYMENT_TARGET = 15.2;
				MTL_ENABLE_DEBUG_INFO = NO;
				MTL_FAST_MATH = YES;
				SDKROOT = iphoneos;
				SWIFT_COMPILATION_MODE = wholemodule;
				SWIFT_OPTIMIZATION_LEVEL = "-O";
				VALIDATE_PRODUCT = YES;
			};
			name = Release;
		};
		C84ABB1027A74F2000C1013A /* Debug */ = {
			isa = XCBuildConfiguration;
			buildSettings = {
				ASSETCATALOG_COMPILER_APPICON_NAME = AppIcon;
				ASSETCATALOG_COMPILER_GLOBAL_ACCENT_COLOR_NAME = AccentColor;
				CODE_SIGN_STYLE = Automatic;
				CURRENT_PROJECT_VERSION = 1;
				DEVELOPMENT_TEAM = X58CZ79UZA;
				GENERATE_INFOPLIST_FILE = YES;
				INFOPLIST_FILE = "Assignment 3/Info.plist";
				INFOPLIST_KEY_UIApplicationSupportsIndirectInputEvents = YES;
				INFOPLIST_KEY_UILaunchStoryboardName = LaunchScreen;
				INFOPLIST_KEY_UIMainStoryboardFile = Main;
				INFOPLIST_KEY_UISupportedInterfaceOrientations = UIInterfaceOrientationPortrait;
				INFOPLIST_KEY_UISupportedInterfaceOrientations_iPad = "UIInterfaceOrientationPortrait UIInterfaceOrientationPortraitUpsideDown UIInterfaceOrientationLandscapeLeft UIInterfaceOrientationLandscapeRight";
				INFOPLIST_KEY_UISupportedInterfaceOrientations_iPhone = "UIInterfaceOrientationPortrait UIInterfaceOrientationLandscapeLeft UIInterfaceOrientationLandscapeRight";
				LD_RUNPATH_SEARCH_PATHS = (
					"$(inherited)",
					"@executable_path/Frameworks",
				);
				MARKETING_VERSION = 1.0;
				PRODUCT_BUNDLE_IDENTIFIER = "mobi.uchicago.Assignment-3";
				PRODUCT_NAME = "$(TARGET_NAME)";
				SWIFT_EMIT_LOC_STRINGS = YES;
				SWIFT_VERSION = 5.0;
				TARGETED_DEVICE_FAMILY = 1;
			};
			name = Debug;
		};
		C84ABB1127A74F2000C1013A /* Release */ = {
			isa = XCBuildConfiguration;
			buildSettings = {
				ASSETCATALOG_COMPILER_APPICON_NAME = AppIcon;
				ASSETCATALOG_COMPILER_GLOBAL_ACCENT_COLOR_NAME = AccentColor;
				CODE_SIGN_STYLE = Automatic;
				CURRENT_PROJECT_VERSION = 1;
				DEVELOPMENT_TEAM = X58CZ79UZA;
				GENERATE_INFOPLIST_FILE = YES;
				INFOPLIST_FILE = "Assignment 3/Info.plist";
				INFOPLIST_KEY_UIApplicationSupportsIndirectInputEvents = YES;
				INFOPLIST_KEY_UILaunchStoryboardName = LaunchScreen;
				INFOPLIST_KEY_UIMainStoryboardFile = Main;
				INFOPLIST_KEY_UISupportedInterfaceOrientations = UIInterfaceOrientationPortrait;
				INFOPLIST_KEY_UISupportedInterfaceOrientations_iPad = "UIInterfaceOrientationPortrait UIInterfaceOrientationPortraitUpsideDown UIInterfaceOrientationLandscapeLeft UIInterfaceOrientationLandscapeRight";
				INFOPLIST_KEY_UISupportedInterfaceOrientations_iPhone = "UIInterfaceOrientationPortrait UIInterfaceOrientationLandscapeLeft UIInterfaceOrientationLandscapeRight";
				LD_RUNPATH_SEARCH_PATHS = (
					"$(inherited)",
					"@executable_path/Frameworks",
				);
				MARKETING_VERSION = 1.0;
				PRODUCT_BUNDLE_IDENTIFIER = "mobi.uchicago.Assignment-3";
				PRODUCT_NAME = "$(TARGET_NAME)";
				SWIFT_EMIT_LOC_STRINGS = YES;
				SWIFT_VERSION = 5.0;
				TARGETED_DEVICE_FAMILY = 1;
			};
			name = Release;
		};
/* End XCBuildConfiguration section */

/* Begin XCConfigurationList section */
		C84ABAF627A74F1E00C1013A /* Build configuration list for PBXProject "Assignment 3" */ = {
			isa = XCConfigurationList;
			buildConfigurations = (
				C84ABB0D27A74F2000C1013A /* Debug */,
				C84ABB0E27A74F2000C1013A /* Release */,
			);
			defaultConfigurationIsVisible = 0;
			defaultConfigurationName = Release;
		};
		C84ABB0F27A74F2000C1013A /* Build configuration list for PBXNativeTarget "Assignment 3" */ = {
			isa = XCConfigurationList;
			buildConfigurations = (
				C84ABB1027A74F2000C1013A /* Debug */,
				C84ABB1127A74F2000C1013A /* Release */,
			);
			defaultConfigurationIsVisible = 0;
			defaultConfigurationName = Release;
		};
/* End XCConfigurationList section */
	};
	rootObject = C84ABAF327A74F1E00C1013A /* Project object */;
}
